<?xml version="1.0" encoding="utf-8"?>
<Project ToolsVersion="4.0" xmlns="http://schemas.microsoft.com/developer/msbuild/2003">
  <ItemGroup>
    <Filter Include="Archivos de origen">
      <UniqueIdentifier>{4FC737F1-C7A5-4376-A066-2A32D752A2FF}</UniqueIdentifier>
      <Extensions>cpp;c;cc;cxx;def;odl;idl;hpj;bat;asm;asmx</Extensions>
    </Filter>
    <Filter Include="Archivos de encabezado">
      <UniqueIdentifier>{93995380-89BD-4b04-88EB-625FBE52EBFB}</UniqueIdentifier>
      <Extensions>h;hh;hpp;hxx;hm;inl;inc;ipp;xsd</Extensions>
    </Filter>
    <Filter Include="Archivos de recursos">
      <UniqueIdentifier>{67DA6AB6-F800-4c08-8B7A-83BB121AAD01}</UniqueIdentifier>
      <Extensions>rc;ico;cur;bmp;dlg;rc2;rct;bin;rgs;gif;jpg;jpeg;jpe;resx;tiff;tif;png;wav;mfcribbon-ms</Extensions>
    </Filter>
    <Filter Include="Archivos de encabezado\Wrapper">
      <UniqueIdentifier>{4a75a320-ecbb-4447-8ad9-55033df336ee}</UniqueIdentifier>
    </Filter>
    <Filter Include="Archivos de origen\Wrapper">
      <UniqueIdentifier>{a676eb02-5f52-44c5-b337-42abb455102b}</UniqueIdentifier>
    </Filter>
    <Filter Include="Archivos de encabezado\D3D12">
      <UniqueIdentifier>{4b86d9f2-11b9-40a9-bf4e-d31ee860ef51}</UniqueIdentifier>
    </Filter>
    <Filter Include="Archivos de origen\D3D12">
      <UniqueIdentifier>{7682d9a9-0792-4ea8-9d49-49392b1dfbf9}</UniqueIdentifier>
    </Filter>
  </ItemGroup>
  <ItemGroup>
    <ClCompile Include="Source\tb_graphics_api.cpp">
      <Filter>Archivos de origen</Filter>
    </ClCompile>
    <ClCompile Include="Source\tb_d3d12_device.cpp">
      <Filter>Archivos de origen\D3D12</Filter>
    </ClCompile>
    <ClCompile Include="Source\tb_d3d12_swap_chain.cpp">
      <Filter>Archivos de origen\D3D12</Filter>
    </ClCompile>
    <ClCompile Include="Source\tb_d3d12_render_target.cpp">
      <Filter>Archivos de origen\D3D12</Filter>
    </ClCompile>
    <ClCompile Include="Source\tb_d3d12_texture.cpp">
      <Filter>Archivos de origen\D3D12</Filter>
    </ClCompile>
    <ClCompile Include="Source\tb_d3d12_shader.cpp">
      <Filter>Archivos de origen\D3D12</Filter>
    </ClCompile>
  </ItemGroup>
  <ItemGroup>
    <ClInclude Include="Include\tb_graphics_api.h">
      <Filter>Archivos de encabezado</Filter>
    </ClInclude>
    <ClInclude Include="Include\tb_graphics_prerequisites.h">
      <Filter>Archivos de encabezado</Filter>
    </ClInclude>
    <ClInclude Include="Include\tb_graphics_defines.h">
      <Filter>Archivos de encabezado</Filter>
    </ClInclude>
    <ClInclude Include="Include\tb_device.h">
      <Filter>Archivos de encabezado\Wrapper</Filter>
    </ClInclude>
    <ClInclude Include="Include\tb_d3d12_device.h">
      <Filter>Archivos de encabezado\D3D12</Filter>
    </ClInclude>
    <ClInclude Include="Include\tb_swap_chain.h">
      <Filter>Archivos de encabezado\Wrapper</Filter>
    </ClInclude>
    <ClInclude Include="Include\tb_d3d12_swap_chain.h">
      <Filter>Archivos de encabezado\D3D12</Filter>
    </ClInclude>
    <ClInclude Include="Include\tb_render_target.h">
      <Filter>Archivos de encabezado\Wrapper</Filter>
    </ClInclude>
    <ClInclude Include="Include\tb_texture.h">
      <Filter>Archivos de encabezado\Wrapper</Filter>
    </ClInclude>
    <ClInclude Include="Include\tb_d3d12_render_target.h">
      <Filter>Archivos de encabezado\D3D12</Filter>
    </ClInclude>
    <ClInclude Include="Include\tb_d3d12_texture.h">
      <Filter>Archivos de encabezado\D3D12</Filter>
    </ClInclude>
    <ClInclude Include="Include\tb_shader.h">
      <Filter>Archivos de encabezado\Wrapper</Filter>
    </ClInclude>
    <ClInclude Include="Include\tb_d3d12_shader.h">
      <Filter>Archivos de encabezado\D3D12</Filter>
    </ClInclude>
    <ClInclude Include="Include\D3D12RaytracingHelpers.hpp">
      <Filter>Archivos de encabezado\D3D12</Filter>
    </ClInclude>
  </ItemGroup>
</Project>