
Microsoft Visual Studio Solution File, Format Version 12.00
# Visual Studio 15
VisualStudioVersion = 15.0.28010.2050
MinimumVisualStudioVersion = 10.0.40219.1
Project("{8BC9CEB8-8B4A-11D0-8D11-00A0C91BC942}") = "SFMLTest", "SFMLTest\SFMLTest.vcxproj", "{172FDF6E-A7B7-41E2-A506-E07E514017BB}"
	ProjectSection(ProjectDependencies) = postProject
		{4BB81D0F-4977-4F74-8D02-A1FA8C391A44} = {4BB81D0F-4977-4F74-8D02-A1FA8C391A44}
		{7FE2F416-3B83-41FB-B7B8-E848E7539B50} = {7FE2F416-3B83-41FB-B7B8-E848E7539B50}
		{6248805A-6156-4894-BB35-50BA6F5DE452} = {6248805A-6156-4894-BB35-50BA6F5DE452}
		{079916E3-F60E-4C16-8349-952BF004BFFD} = {079916E3-F60E-4C16-8349-952BF004BFFD}
	EndProjectSection
EndProject
Project("{8BC9CEB8-8B4A-11D0-8D11-00A0C91BC942}") = "AI", "AI\AI.vcxproj", "{079916E3-F60E-4C16-8349-952BF004BFFD}"
	ProjectSection(ProjectDependencies) = postProject
		{4BB81D0F-4977-4F74-8D02-A1FA8C391A44} = {4BB81D0F-4977-4F74-8D02-A1FA8C391A44}
		{6248805A-6156-4894-BB35-50BA6F5DE452} = {6248805A-6156-4894-BB35-50BA6F5DE452}
	EndProjectSection
EndProject
Project("{8BC9CEB8-8B4A-11D0-8D11-00A0C91BC942}") = "Math", "Math\Math.vcxproj", "{4BB81D0F-4977-4F74-8D02-A1FA8C391A44}"
	ProjectSection(ProjectDependencies) = postProject
		{6248805A-6156-4894-BB35-50BA6F5DE452} = {6248805A-6156-4894-BB35-50BA6F5DE452}
	EndProjectSection
EndProject
Project("{8BC9CEB8-8B4A-11D0-8D11-00A0C91BC942}") = "ImGui", "ImGui\ImGui.vcxproj", "{7FE2F416-3B83-41FB-B7B8-E848E7539B50}"
	ProjectSection(ProjectDependencies) = postProject
		{6248805A-6156-4894-BB35-50BA6F5DE452} = {6248805A-6156-4894-BB35-50BA6F5DE452}
	EndProjectSection
EndProject
Project("{8BC9CEB8-8B4A-11D0-8D11-00A0C91BC942}") = "Utils", "Utils\Utils.vcxproj", "{6248805A-6156-4894-BB35-50BA6F5DE452}"
EndProject
Project("{8BC9CEB8-8B4A-11D0-8D11-00A0C91BC942}") = "Batallion", "Batallion\Batallion.vcxproj", "{746830C7-9CCC-4A3D-9C05-AC1C2700DFEE}"
EndProject
Project("{8BC9CEB8-8B4A-11D0-8D11-00A0C91BC942}") = "Core", "Core\Core.vcxproj", "{9F35A755-8829-4972-BA74-1DBE8667250F}"
	ProjectSection(ProjectDependencies) = postProject
		{6248805A-6156-4894-BB35-50BA6F5DE452} = {6248805A-6156-4894-BB35-50BA6F5DE452}
	EndProjectSection
EndProject
Project("{8BC9CEB8-8B4A-11D0-8D11-00A0C91BC942}") = "RenderQuacky", "RenderQuacky\RenderQuacky.vcxproj", "{0D876A3C-56F5-4420-B8C4-1F9376D7A5AC}"
	ProjectSection(ProjectDependencies) = postProject
		{4BB81D0F-4977-4F74-8D02-A1FA8C391A44} = {4BB81D0F-4977-4F74-8D02-A1FA8C391A44}
		{7FE2F416-3B83-41FB-B7B8-E848E7539B50} = {7FE2F416-3B83-41FB-B7B8-E848E7539B50}
		{9F35A755-8829-4972-BA74-1DBE8667250F} = {9F35A755-8829-4972-BA74-1DBE8667250F}
		{6248805A-6156-4894-BB35-50BA6F5DE452} = {6248805A-6156-4894-BB35-50BA6F5DE452}
		{66AD476B-3338-4AC9-94FF-768A0E1672A5} = {66AD476B-3338-4AC9-94FF-768A0E1672A5}
		{079916E3-F60E-4C16-8349-952BF004BFFD} = {079916E3-F60E-4C16-8349-952BF004BFFD}
	EndProjectSection
EndProject
Project("{8BC9CEB8-8B4A-11D0-8D11-00A0C91BC942}") = "Graphics", "Graphics\Graphics.vcxproj", "{66AD476B-3338-4AC9-94FF-768A0E1672A5}"
	ProjectSection(ProjectDependencies) = postProject
		{6248805A-6156-4894-BB35-50BA6F5DE452} = {6248805A-6156-4894-BB35-50BA6F5DE452}
	EndProjectSection
EndProject
Global
	GlobalSection(SolutionConfigurationPlatforms) = preSolution
		Debug|x64 = Debug|x64
		Debug|x86 = Debug|x86
		Release|x64 = Release|x64
		Release|x86 = Release|x86
	EndGlobalSection
	GlobalSection(ProjectConfigurationPlatforms) = postSolution
		{172FDF6E-A7B7-41E2-A506-E07E514017BB}.Debug|x64.ActiveCfg = Debug|x64
		{172FDF6E-A7B7-41E2-A506-E07E514017BB}.Debug|x64.Build.0 = Debug|x64
		{172FDF6E-A7B7-41E2-A506-E07E514017BB}.Debug|x86.ActiveCfg = Debug|Win32
		{172FDF6E-A7B7-41E2-A506-E07E514017BB}.Debug|x86.Build.0 = Debug|Win32
		{172FDF6E-A7B7-41E2-A506-E07E514017BB}.Release|x64.ActiveCfg = Release|x64
		{172FDF6E-A7B7-41E2-A506-E07E514017BB}.Release|x64.Build.0 = Release|x64
		{172FDF6E-A7B7-41E2-A506-E07E514017BB}.Release|x86.ActiveCfg = Release|Win32
		{172FDF6E-A7B7-41E2-A506-E07E514017BB}.Release|x86.Build.0 = Release|Win32
		{079916E3-F60E-4C16-8349-952BF004BFFD}.Debug|x64.ActiveCfg = Debug|x64
		{079916E3-F60E-4C16-8349-952BF004BFFD}.Debug|x64.Build.0 = Debug|x64
		{079916E3-F60E-4C16-8349-952BF004BFFD}.Debug|x86.ActiveCfg = Debug|Win32
		{079916E3-F60E-4C16-8349-952BF004BFFD}.Debug|x86.Build.0 = Debug|Win32
		{079916E3-F60E-4C16-8349-952BF004BFFD}.Release|x64.ActiveCfg = Release|x64
		{079916E3-F60E-4C16-8349-952BF004BFFD}.Release|x64.Build.0 = Release|x64
		{079916E3-F60E-4C16-8349-952BF004BFFD}.Release|x86.ActiveCfg = Release|Win32
		{079916E3-F60E-4C16-8349-952BF004BFFD}.Release|x86.Build.0 = Release|Win32
		{4BB81D0F-4977-4F74-8D02-A1FA8C391A44}.Debug|x64.ActiveCfg = Debug|x64
		{4BB81D0F-4977-4F74-8D02-A1FA8C391A44}.Debug|x64.Build.0 = Debug|x64
		{4BB81D0F-4977-4F74-8D02-A1FA8C391A44}.Debug|x86.ActiveCfg = Debug|Win32
		{4BB81D0F-4977-4F74-8D02-A1FA8C391A44}.Debug|x86.Build.0 = Debug|Win32
		{4BB81D0F-4977-4F74-8D02-A1FA8C391A44}.Release|x64.ActiveCfg = Release|x64
		{4BB81D0F-4977-4F74-8D02-A1FA8C391A44}.Release|x64.Build.0 = Release|x64
		{4BB81D0F-4977-4F74-8D02-A1FA8C391A44}.Release|x86.ActiveCfg = Release|Win32
		{4BB81D0F-4977-4F74-8D02-A1FA8C391A44}.Release|x86.Build.0 = Release|Win32
		{7FE2F416-3B83-41FB-B7B8-E848E7539B50}.Debug|x64.ActiveCfg = Debug|x64
		{7FE2F416-3B83-41FB-B7B8-E848E7539B50}.Debug|x64.Build.0 = Debug|x64
		{7FE2F416-3B83-41FB-B7B8-E848E7539B50}.Debug|x86.ActiveCfg = Debug|Win32
		{7FE2F416-3B83-41FB-B7B8-E848E7539B50}.Debug|x86.Build.0 = Debug|Win32
		{7FE2F416-3B83-41FB-B7B8-E848E7539B50}.Release|x64.ActiveCfg = Release|x64
		{7FE2F416-3B83-41FB-B7B8-E848E7539B50}.Release|x64.Build.0 = Release|x64
		{7FE2F416-3B83-41FB-B7B8-E848E7539B50}.Release|x86.ActiveCfg = Release|Win32
		{7FE2F416-3B83-41FB-B7B8-E848E7539B50}.Release|x86.Build.0 = Release|Win32
		{6248805A-6156-4894-BB35-50BA6F5DE452}.Debug|x64.ActiveCfg = Debug|x64
		{6248805A-6156-4894-BB35-50BA6F5DE452}.Debug|x64.Build.0 = Debug|x64
		{6248805A-6156-4894-BB35-50BA6F5DE452}.Debug|x86.ActiveCfg = Debug|Win32
		{6248805A-6156-4894-BB35-50BA6F5DE452}.Debug|x86.Build.0 = Debug|Win32
		{6248805A-6156-4894-BB35-50BA6F5DE452}.Release|x64.ActiveCfg = Release|x64
		{6248805A-6156-4894-BB35-50BA6F5DE452}.Release|x64.Build.0 = Release|x64
		{6248805A-6156-4894-BB35-50BA6F5DE452}.Release|x86.ActiveCfg = Release|Win32
		{6248805A-6156-4894-BB35-50BA6F5DE452}.Release|x86.Build.0 = Release|Win32
		{746830C7-9CCC-4A3D-9C05-AC1C2700DFEE}.Debug|x64.ActiveCfg = Debug|x64
		{746830C7-9CCC-4A3D-9C05-AC1C2700DFEE}.Debug|x64.Build.0 = Debug|x64
		{746830C7-9CCC-4A3D-9C05-AC1C2700DFEE}.Debug|x86.ActiveCfg = Debug|Win32
		{746830C7-9CCC-4A3D-9C05-AC1C2700DFEE}.Debug|x86.Build.0 = Debug|Win32
		{746830C7-9CCC-4A3D-9C05-AC1C2700DFEE}.Release|x64.ActiveCfg = Release|x64
		{746830C7-9CCC-4A3D-9C05-AC1C2700DFEE}.Release|x64.Build.0 = Release|x64
		{746830C7-9CCC-4A3D-9C05-AC1C2700DFEE}.Release|x86.ActiveCfg = Release|Win32
		{746830C7-9CCC-4A3D-9C05-AC1C2700DFEE}.Release|x86.Build.0 = Release|Win32
		{9F35A755-8829-4972-BA74-1DBE8667250F}.Debug|x64.ActiveCfg = Debug|x64
		{9F35A755-8829-4972-BA74-1DBE8667250F}.Debug|x64.Build.0 = Debug|x64
		{9F35A755-8829-4972-BA74-1DBE8667250F}.Debug|x86.ActiveCfg = Debug|Win32
		{9F35A755-8829-4972-BA74-1DBE8667250F}.Debug|x86.Build.0 = Debug|Win32
		{9F35A755-8829-4972-BA74-1DBE8667250F}.Release|x64.ActiveCfg = Release|x64
		{9F35A755-8829-4972-BA74-1DBE8667250F}.Release|x64.Build.0 = Release|x64
		{9F35A755-8829-4972-BA74-1DBE8667250F}.Release|x86.ActiveCfg = Release|Win32
		{9F35A755-8829-4972-BA74-1DBE8667250F}.Release|x86.Build.0 = Release|Win32
		{0D876A3C-56F5-4420-B8C4-1F9376D7A5AC}.Debug|x64.ActiveCfg = Debug|x64
		{0D876A3C-56F5-4420-B8C4-1F9376D7A5AC}.Debug|x64.Build.0 = Debug|x64
		{0D876A3C-56F5-4420-B8C4-1F9376D7A5AC}.Debug|x86.ActiveCfg = Debug|Win32
		{0D876A3C-56F5-4420-B8C4-1F9376D7A5AC}.Debug|x86.Build.0 = Debug|Win32
		{0D876A3C-56F5-4420-B8C4-1F9376D7A5AC}.Release|x64.ActiveCfg = Release|x64
		{0D876A3C-56F5-4420-B8C4-1F9376D7A5AC}.Release|x64.Build.0 = Release|x64
		{0D876A3C-56F5-4420-B8C4-1F9376D7A5AC}.Release|x86.ActiveCfg = Release|Win32
		{0D876A3C-56F5-4420-B8C4-1F9376D7A5AC}.Release|x86.Build.0 = Release|Win32
		{66AD476B-3338-4AC9-94FF-768A0E1672A5}.Debug|x64.ActiveCfg = Debug|x64
		{66AD476B-3338-4AC9-94FF-768A0E1672A5}.Debug|x64.Build.0 = Debug|x64
		{66AD476B-3338-4AC9-94FF-768A0E1672A5}.Debug|x86.ActiveCfg = Debug|Win32
		{66AD476B-3338-4AC9-94FF-768A0E1672A5}.Debug|x86.Build.0 = Debug|Win32
		{66AD476B-3338-4AC9-94FF-768A0E1672A5}.Release|x64.ActiveCfg = Release|x64
		{66AD476B-3338-4AC9-94FF-768A0E1672A5}.Release|x64.Build.0 = Release|x64
		{66AD476B-3338-4AC9-94FF-768A0E1672A5}.Release|x86.ActiveCfg = Release|Win32
		{66AD476B-3338-4AC9-94FF-768A0E1672A5}.Release|x86.Build.0 = Release|Win32
	EndGlobalSection
	GlobalSection(SolutionProperties) = preSolution
		HideSolutionNode = FALSE
	EndGlobalSection
	GlobalSection(ExtensibilityGlobals) = postSolution
		SolutionGuid = {0FF8B439-D3B6-4E32-8B5D-35900DFE8024}
	EndGlobalSection
EndGlobal
